---
lockfileVersion: '9.0'

importers:

  .:
    configDependencies: {}
    packageManagerDependencies:
      pnpm:
        specifier: 12.6.0
        version: 12.6.0

packages:

  '@pnpm/exe.android-arm64@12.6.0':
    resolution: {integrity: sha512-kviIHft9h02q+7N2In7tSL9T/HRUSGwYmU74YPtsWU5ee7vgqPyC0JT6RRX6miW+NxX1CvHgQxg69qq1qTLJYQ==}
    cpu: [arm64]
    os: [android]

  '@pnpm/exe.android-x64@12.6.0':
    resolution: {integrity: sha512-CT8aJKLq2mtZFE71pr4E5Z2xHL8uGnRGr+NclDqsXlVF4SVcQ2QAs14mWi0C8gjT4hbmi+Q0lJRRIkMAWfjjng==}
    cpu: [x64]
    os: [android]

  '@pnpm/exe.darwin-arm64@12.6.0':
    resolution: {integrity: sha512-rafpVkjzugKBMxSvGQd5wK1x5eOTkD/+lcJIFHeQhvd+BJ8kDisOOvwhQDrpGd4vd2Fx+hhW0P2Ptt638OlhFg==}
    cpu: [arm64]
    os: [darwin]

  '@pnpm/exe.darwin-x64@12.6.0':
    resolution: {integrity: sha512-72Jpuv1m24gI8zUNcaylYpBWEhBzz1VPhnDIU2GYM2eRP+KsOqVLwV78i+JrihI39zY2NNXmaN4eAKX1inpaDQ==}
    cpu: [x64]
    os: [darwin]

  '@pnpm/exe.freebsd-x64@12.6.0':
    resolution: {integrity: sha512-LON4QgNy1w/XF4uySZIyC/5hEB0oGdelXsY9tSKqstER+2j2X2oHz67skD11RRd/HWFRtMr64shQZ4I9ZoZ0zg==}
    cpu: [x64]
    os: [freebsd]

  '@pnpm/exe.linux-arm64-musl@12.6.0':
    resolution: {integrity: sha512-BdDpX+DeaMUc5x6WNcE6FkmFy36NwrBbBvwsZU737Zt3u1fTY+iKFPchjEQNCM4rT6q6xvF2oN3ZwExGsJCkxQ==}
    cpu: [arm64]
    os: [linux]
    libc: [musl]

  '@pnpm/exe.linux-arm64@12.6.0':
    resolution: {integrity: sha512-8h2sNoIhHDpHDYqZZCh9PXr6krqW10btb0GHVGuw710muDHlFAHMtUG2ogmaHge6zJG1xgY4Y7mwX5g/LWvrYg==}
    cpu: [arm64]
    os: [linux]
    libc: [glibc]

  '@pnpm/exe.linux-ppc64@12.6.0':
    resolution: {integrity: sha512-ld6xgcEhFCFrsVsJhbmdmR714PnsEspO/Ij8w0/D7OSiz2hYGu3fZd5tKRxOI5m6H6Gl0/RRFAPncTHbsgXVjQ==}
    cpu: [ppc64]
    os: [linux]
    libc: [glibc]

  '@pnpm/exe.linux-riscv64@12.6.0':
    resolution: {integrity: sha512-HIbImydoC3J8NFt+8MXfhTCf5rO6NjCMyinSAHac0VmV8uCHw+kbQkyAzxV84rzz9ZOzmBOnj0b1N461UIYGsw==}
    cpu: [riscv64]
    os: [linux]
    libc: [glibc]

  '@pnpm/exe.linux-s390x@12.6.0':
    resolution: {integrity: sha512-DjSqT7+BZ/lWcDHwNMuzsRVfyxUimh+D54Xw4tSWbdVVQhtWtNMUyI93LVnwCmsoEpar2gC3SFeAgywx37svKQ==}
    cpu: [s390x]
    os: [linux]
    libc: [glibc]

  '@pnpm/exe.linux-x64-musl@12.6.0':
    resolution: {integrity: sha512-31lKeGPmRE6xfV6I3VjaEGVFRei14pl/zgoFDK4w+UkbJqOuNl2Ht3O1GuqNIg3Gl14qTEb4kZRAYFHXifDx9A==}
    cpu: [x64]
    os: [linux]
    libc: [musl]

  '@pnpm/exe.linux-x64@12.6.0':
    resolution: {integrity: sha512-qFWBneHJAJ73W4whtbaFOL1M/7DBC6ILHXuxc7ZPtEhfPuT1zeZiGrmKHoMAfJA+mcm6xhOFljqVTUS+00Jabw==}
    cpu: [x64]
    os: [linux]
    libc: [glibc]

  '@pnpm/exe.win32-arm64@12.6.0':
    resolution: {integrity: sha512-OhfefXEEykZlslSUhR8PPRe6MVPV3Oink/dVfIecE5velpc7j80cZYsHlaDrtRDcm3TPwQHkaRW1SJ1efX9oFg==}
    cpu: [arm64]
    os: [win32]

  '@pnpm/exe.win32-x64@12.6.0':
    resolution: {integrity: sha512-L2tuyrD2+Imgxs3VK/ST/2L3xD6vDP0ktJQxM0TaGw7TbAQEMq+RMc8iK6Ew7Id579uzjJe8jSfJID2ZGsOHCA==}
    cpu: [x64]
    os: [win32]

  pnpm@12.6.0:
    resolution: {integrity: sha512-PvaPlRyxEawgS0paFvCy3fDaVqluBBPoHYVdnwtV75JnFHCQKOHNAMQFwsX7e56OxNxGd3yAXQNzwvL/AP0g7A==}
    engines: {node: '>=18.*'}
    hasBin: true

snapshots:

  '@pnpm/exe.android-arm64@12.6.0':
    optional: true

  '@pnpm/exe.android-x64@12.6.0':
    optional: true

  '@pnpm/exe.darwin-arm64@12.6.0':
    optional: true

  '@pnpm/exe.darwin-x64@12.6.0':
    optional: true

  '@pnpm/exe.freebsd-x64@12.6.0':
    optional: true

  '@pnpm/exe.linux-arm64-musl@12.6.0':
    optional: true

  '@pnpm/exe.linux-arm64@12.6.0':
    optional: true

  '@pnpm/exe.linux-ppc64@12.6.0':
    optional: true

  '@pnpm/exe.linux-riscv64@12.6.0':
    optional: true

  '@pnpm/exe.linux-s390x@12.6.0':
    optional: true

  '@pnpm/exe.linux-x64-musl@12.6.0':
    optional: true

  '@pnpm/exe.linux-x64@12.6.0':
    optional: true

  '@pnpm/exe.win32-arm64@12.6.0':
    optional: true

  '@pnpm/exe.win32-x64@12.6.0':
    optional: true

  pnpm@12.6.0:
    optionalDependencies:
      '@pnpm/exe.android-arm64': 12.6.0
      '@pnpm/exe.android-x64': 12.6.0
      '@pnpm/exe.darwin-arm64': 12.6.0
      '@pnpm/exe.darwin-x64': 12.6.0
      '@pnpm/exe.freebsd-x64': 12.6.0
      '@pnpm/exe.linux-arm64': 12.6.0
      '@pnpm/exe.linux-arm64-musl': 12.6.0
      '@pnpm/exe.linux-ppc64': 12.6.0
      '@pnpm/exe.linux-riscv64': 12.6.0
      '@pnpm/exe.linux-s390x': 12.6.0
      '@pnpm/exe.linux-x64': 12.6.0
      '@pnpm/exe.linux-x64-musl': 12.6.0
      '@pnpm/exe.win32-arm64': 12.6.0
      '@pnpm/exe.win32-x64': 12.6.0

---
lockfileVersion: '9.0'

settings:
  autoInstallPeers: true
  excludeLinksFromLockfile: false

importers:

  .:
    devDependencies:
      '@types/node':
        specifier: ^22.18.0
        version: 22.20.4
      turbo:
        specifier: ^2.5.6
        version: 2.11.4
      typescript:
        specifier: ^5.9.2
        version: 5.9.3

  harness/apps/api:
    dependencies:
      '@3pt/core':
        specifier: workspace:*
        version: link:../../packages/core
    devDependencies:
      '@types/node':
        specifier: ^22.18.0
        version: 22.20.4
      typescript:
        specifier: ^5.9.2
        version: 5.9.3

  harness/apps/cli:
    dependencies:
      '@3pt/battery-repo':
        specifier: workspace:*
        version: link:../../../infra/batteries/repo
      '@3pt/build':
        specifier: workspace:*
        version: link:../../packages/build
      '@3pt/core':
        specifier: workspace:*
        version: link:../../packages/core
      '@3pt/instrument':
        specifier: workspace:*
        version: link:../../packages/instrument
      '@3pt/plan':
        specifier: workspace:*
        version: link:../../packages/plan
    devDependencies:
      '@types/node':
        specifier: ^22.18.0
        version: 22.20.4
      typescript:
        specifier: ^5.9.2
        version: 5.9.3

  harness/apps/worker:
    dependencies:
      '@3pt/core':
        specifier: workspace:*
        version: link:../../packages/core
      '@3pt/media':
        specifier: workspace:*
        version: link:../../packages/media
    devDependencies:
      '@types/node':
        specifier: ^22.18.0
        version: 22.20.4
      typescript:
        specifier: ^5.9.2
        version: 5.9.3

  harness/packages/build:
    dependencies:
      '@3pt/core':
        specifier: workspace:*
        version: link:../core
    devDependencies:
      '@types/node':
        specifier: ^22.18.0
        version: 22.20.4
      typescript:
        specifier: ^5.9.2
        version: 5.9.3

  harness/packages/core:
    devDependencies:
      '@types/node':
        specifier: ^22.18.0
        version: 22.20.4
      typescript:
        specifier: ^5.9.2
        version: 5.9.3

  harness/packages/instrument:
    dependencies:
      '@3pt/core':
        specifier: workspace:*
        version: link:../core
    devDependencies:
      '@types/node':
        specifier: ^22.18.0
        version: 22.20.4
      typescript:
        specifier: ^5.9.2
        version: 5.9.3

  harness/packages/media:
    dependencies:
      '@3pt/core':
        specifier: workspace:*
        version: link:../core
    devDependencies:
      '@types/node':
        specifier: ^22.18.0
        version: 22.20.4
      typescript:
        specifier: ^5.9.2
        version: 5.9.3

  harness/packages/plan:
    dependencies:
      '@3pt/core':
        specifier: workspace:*
        version: link:../core
    devDependencies:
      '@types/node':
        specifier: ^22.18.0
        version: 22.20.4
      typescript:
        specifier: ^5.9.2
        version: 5.9.3

  infra/batteries/artifacts:
    dependencies:
      '@3pt/core':
        specifier: workspace:*
        version: link:../../../harness/packages/core
    devDependencies:
      '@types/node':
        specifier: ^22.18.0
        version: 22.20.4
      typescript:
        specifier: ^5.9.2
        version: 5.9.3

  infra/batteries/atlas:
    dependencies:
      '@3pt/core':
        specifier: workspace:*
        version: link:../../../harness/packages/core
      mongodb:
        specifier: ^6.21.0
        version: 6.21.0
    devDependencies:
      '@types/node':
        specifier: ^22.18.0
        version: 22.20.4
      typescript:
        specifier: ^5.9.2
        version: 5.9.3

  infra/batteries/blob:
    dependencies:
      '@3pt/core':
        specifier: workspace:*
        version: link:../../../harness/packages/core
    devDependencies:
      '@types/node':
        specifier: ^22.18.0
        version: 22.20.4
      typescript:
        specifier: ^5.9.2
        version: 5.9.3

  infra/batteries/box:
    dependencies:
      '@3pt/core':
        specifier: workspace:*
        version: link:../../../harness/packages/core
    devDependencies:
      '@types/node':
        specifier: ^22.18.0
        version: 22.20.4
      typescript:
        specifier: ^5.9.2
        version: 5.9.3

  infra/batteries/repo:
    dependencies:
      '@3pt/core':
        specifier: workspace:*
        version: link:../../../harness/packages/core
    devDependencies:
      '@types/node':
        specifier: ^22.18.0
        version: 22.20.4
      typescript:
        specifier: ^5.9.2
        version: 5.9.3

  infra/batteries/tracing:
    dependencies:
      '@3pt/core':
        specifier: workspace:*
        version: link:../../../harness/packages/core
    devDependencies:
      '@types/node':
        specifier: ^22.18.0
        version: 22.20.4
      typescript:
        specifier: ^5.9.2
        version: 5.9.3

  ui/apps/macos: {}

  ui/apps/pwa:
    dependencies:
      '@3pt/core':
        specifier: workspace:*
        version: link:../../../harness/packages/core
      '@3pt/design-system':
        specifier: workspace:*
        version: link:../../packages/design-system
      '@3pt/inspector-client':
        specifier: workspace:*
        version: link:../../packages/inspector-client
    devDependencies:
      typescript:
        specifier: ^5.9.2
        version: 5.9.3
      vite:
        specifier: ^7.1.5
        version: 7.3.6(@types/node@22.20.4)

  ui/apps/web:
    dependencies:
      '@3pt/core':
        specifier: workspace:*
        version: link:../../../harness/packages/core
      '@3pt/design-system':
        specifier: workspace:*
        version: link:../../packages/design-system
      '@3pt/inspector-client':
        specifier: workspace:*
        version: link:../../packages/inspector-client
    devDependencies:
      '@playwright/test':
        specifier: 1.61.1
        version: 1.61.1
      '@types/node':
        specifier: ^22.18.0
        version: 22.20.4
      typescript:
        specifier: ^5.9.2
        version: 5.9.3
      vite:
        specifier: ^7.1.5
        version: 7.3.6(@types/node@22.20.4)

  ui/packages/design-system:
    devDependencies:
      '@types/node':
        specifier: ^22.18.0
        version: 22.20.4
      typescript:
        specifier: ^5.9.2
        version: 5.9.3

  ui/packages/inspector-client:
    dependencies:
      '@3pt/core':
        specifier: workspace:*
        version: link:../../../harness/packages/core
    devDependencies:
      '@types/node':
        specifier: ^22.18.0
        version: 22.20.4
      typescript:
        specifier: ^5.9.2
        version: 5.9.3

packages:

  '@esbuild/aix-ppc64@0.28.2':
    resolution: {integrity: sha512-XExcO+dvLKvVtNTibSTBej1NCAbaGhWn9Ww1ZPx80qsahhPFe/8jgWP0IchNe0F3HwkU7n8ejhH8bjonqht8mQ==}
    engines: {node: '>=18'}
    cpu: [ppc64]
    os: [aix]

  '@esbuild/android-arm64@0.28.2':
    resolution: {integrity: sha512-5YfKeeI8qWfBZIX+u2xZC3Zlb3Os/gLS2sbEKM+I4ZOcsWmHS2WLysCcQZDAFRslDUU5Oiq44gf6PYN1vGwG5A==}
    engines: {node: '>=18'}
    cpu: [arm64]
    os: [android]

  '@esbuild/android-arm@0.28.2':
    resolution: {integrity: sha512-kXXoiPVVGQcnIYGOeaovwOURpniDBpSq4A03qkQ+BMQqtGG6HYap3xne9C1O1yo4TR3qxlCX5IqqmX6fFo2Lqg==}
    engines: {node: '>=18'}
    cpu: [arm]
    os: [android]

  '@esbuild/android-x64@0.28.2':
    resolution: {integrity: sha512-O387ite7SzUyCcy3JQX4P4bLtEA7bLLkx+esve5JHnyYfNTxcVpXZo9jhdB0lTKN44gztELTdU7nS8Nr16Fs1Q==}
    engines: {node: '>=18'}
    cpu: [x64]
    os: [android]

  '@esbuild/darwin-arm64@0.28.2':
    resolution: {integrity: sha512-n4KqkOQrraxHJcgjM1RvwbigfQKIKJVpM7xp+KsxiyUSrRdIXnt73VhrPAx0fV44hgfmIVKjxMN9J1t5jySVkw==}
    engines: {node: '>=18'}
    cpu: [arm64]
    os: [darwin]

  '@esbuild/darwin-x64@0.28.2':
    resolution: {integrity: sha512-uq6suIWYP37qzGddBKPw5QEQPi6HiLGsO7UmkpfyaYNQ3D+rN6w6WfwH+nuqcGXWvawGwxOEroO4YGnFh95azw==}
    engines: {node: '>=18'}
    cpu: [x64]
    os: [darwin]

  '@esbuild/freebsd-arm64@0.28.2':
    resolution: {integrity: sha512-n+I0BTSRIoy+d6RPKnEVwql5UwBJolytvY4mAOIEJorKlqgPII8ix6slVVrfZ5Tnj7glIZvloylbB/EJPMWEXw==}
    engines: {node: '>=18'}
    cpu: [arm64]
    os: [freebsd]

  '@esbuild/freebsd-x64@0.28.2':
    resolution: {integrity: sha512-78XJTJkvPs0kz2w61301PJjXl4g7q3JqiYMZ/M/yVI73EHBrCRTgkhu9oqG7vPqq+a/yadEW8aD+agKlk5xrmg==}
    engines: {node: '>=18'}
    cpu: [x64]
    os: [freebsd]

  '@esbuild/linux-arm64@0.28.2':
    resolution: {integrity: sha512-pW4AC0P3it8c7do9MVM4p51FzHzdM/TZrerurgRcHJ2WTa1VQ1CIq18xncfpBJw4ojkiZZrKW2yIBWBP92j6Ug==}
    engines: {node: '>=18'}
    cpu: [arm64]
    os: [linux]

  '@esbuild/linux-arm@0.28.2':
    resolution: {integrity: sha512-XlDnu2q5yoqems+xay6wSAcg9DDD7K9RLKZEBOMZm3ckNpJBvOX20tSfby8KfrrhINDyv9V2YVZKY/SpoGJI8w==}
    engines: {node: '>=18'}
    cpu: [arm]
    os: [linux]

  '@esbuild/linux-ia32@0.28.2':
    resolution: {integrity: sha512-CYbnj78HsIeA+DhgUKgFCfvNsTHFhMMrinUrMZpDXJXKN8T3XViTZ/+wtHeVxEWY8ewSzTFN+nRmSwO2tZaLUQ==}
    engines: {node: '>=18'}
    cpu: [ia32]
    os: [linux]

  '@esbuild/linux-loong64@0.28.2':
    resolution: {integrity: sha512-buwkd8nsph4R+ajRvw0qM5Hja/TXQow3ptzWO2EbG/cqcIkHloRrdlBtQlshyYGTNFvfkfJ5tpPLVkY4DtsPfQ==}
    engines: {node: '>=18'}
    cpu: [loong64]
    os: [linux]

  '@esbuild/linux-mips64el@0.28.2':
    resolution: {integrity: sha512-ZVykbDyk7519VwiNb9Lcj9m8XM6v5V9uKPvrEMkkEedVewf+0itkhahp4HDpgERXhwLRpWFypsGbG/J8s0QjJA==}
    engines: {node: '>=18'}
    cpu: [mips64el]
    os: [linux]

  '@esbuild/linux-ppc64@0.28.2':
    resolution: {integrity: sha512-CAXl+Dtd9UUuJd8pKKdwh6MLm3MUMiqMPmhZ3tTSXPqfyQ3vDl6R5hZdZ/kYojK4ofXtdfSv1tFq8XzWx3heNQ==}
    engines: {node: '>=18'}
    cpu: [ppc64]
    os: [linux]

  '@esbuild/linux-riscv64@0.28.2':
    resolution: {integrity: sha512-GeXCej4IQtU1B+QlDV8W/RRvbzI3O/Stss+/bCXv4lZls5WGRtu2a+3JkA3i4qIUlMXpcHebWpF8AkJhATowuA==}
    engines: {node: '>=18'}
    cpu: [riscv64]
    os: [linux]

  '@esbuild/linux-s390x@0.28.2':
    resolution: {integrity: sha512-3H1weTYZPxt/WOhByszQZybS9w5lKzUn1FDMsgEChbHWQwHYQQRfBxgCcZvPhjHfKyJjIievvMmEUawJrdY9Dg==}
    engines: {node: '>=18'}
    cpu: [s390x]
    os: [linux]

  '@esbuild/linux-x64@0.28.2':
    resolution: {integrity: sha512-4xTZr1FUmSoQW4XIWmit3tzQrUTZM+N3P0XV8xROKYF50XfI7xeO90+1bZvNwxIufQ9hDQVRJH5YhgPVF8A/HQ==}
    engines: {node: '>=18'}
    cpu: [x64]
    os: [linux]

  '@esbuild/netbsd-arm64@0.28.2':
    resolution: {integrity: sha512-sSATRjPeDBg3pdgHoQfoYBob11Kk1FGa9lui5RIHZCoCkJa9QKlvl3/vKz2usCmYYjs7ymJR/2Nnsqe+Hjt5nw==}
    engines: {node: '>=18'}
    cpu: [arm64]
    os: [netbsd]

  '@esbuild/netbsd-x64@0.28.2':
    resolution: {integrity: sha512-lqnzCV+mM0gIADaKihiCg6ifgfU2L3h5E33rNQBN1Y4MaVGnzryzmvvf7UHxprpQdE8hpqLolJ9Rl+SkIRDpyw==}
    engines: {node: '>=18'}
    cpu: [x64]
    os: [netbsd]

  '@esbuild/openbsd-arm64@0.28.2':
    resolution: {integrity: sha512-AL2qJILH7lNjrDmCQDvdxMfAUIv8KMNZOvrwAQ8i8//ntL9FflhOyMJ8OZSMBb8/AWXe3/5v5S20y3zCoZWKoQ==}
    engines: {node: '>=18'}
    cpu: [arm64]
    os: [openbsd]

  '@esbuild/openbsd-x64@0.28.2':
    resolution: {integrity: sha512-QtiuPytchRyC4rwUKhexJdQKvDuZ6hWloi3igqPQNUJCS1/v9EiO3UTOXR6A3FoMo4fnAKbWJdqaIwhOzh8qEw==}
    engines: {node: '>=18'}
    cpu: [x64]
    os: [openbsd]

  '@esbuild/openharmony-arm64@0.28.2':
    resolution: {integrity: sha512-WkhYDmpTjLvGlScA1rwjRUmhl4k8oXR3cIbtqWmELgU/dFeHHlEllxDvdWcNJV9rbzCexB5vz8gtNewWLgCT7Q==}
    engines: {node: '>=18'}
    cpu: [arm64]
    os: [openharmony]

  '@esbuild/sunos-x64@0.28.2':
    resolution: {integrity: sha512-GPMSkTOtMnv2U2F8gxe4Io6qmVs+YKyp832Etqqxr0hFngmXQ3rzwytelm3GIn7T4VviRUlf3sOgBOiTdvaf7g==}
    engines: {node: '>=18'}
    cpu: [x64]
    os: [sunos]

  '@esbuild/win32-arm64@0.28.2':
    resolution: {integrity: sha512-PIhhEkE9uPBleRBrQEJpUn7MBnibZzbGzYWPmY3x+YoVg/95zbjB4CxPPOQ8l5tYYM4mMaCthF8/1DIfBQQyWQ==}
    engines: {node: '>=18'}
    cpu: [arm64]
    os: [win32]

  '@esbuild/win32-ia32@0.28.2':
    resolution: {integrity: sha512-YmJbfTlvU7Sdn9BB+4PRES4oB6pxgS37MAONj+hBr/cpXS1aBPKXxNnDbu+QCWPj0o9dgyxeq79g6c5P8KeuYA==}
    engines: {node: '>=18'}
    cpu: [ia32]
    os: [win32]

  '@esbuild/win32-x64@0.28.2':
    resolution: {integrity: sha512-5ebpxr3nWMzrL/rnUI755Jkuee0bHL/Gq0WTF9lvcpv73wAp5eu8MfBUgWK9bhWvZjj7yX8etf/8tI8Ney695g==}
    engines: {node: '>=18'}
    cpu: [x64]
    os: [win32]

  '@mongodb-js/saslprep@1.5.4':
    resolution: {integrity: sha512-05UC0jQsjKAOuXQ0H9Ud9vUTJpZIg+n/FinpR30tI5I8pY2inTfPOZ5OF/cg3Ce/N9MoD1xhRCeOsJtuTbFYlw==}

  '@napi-rs/lzma-linux-x64-gnu@1.5.1':
    resolution: {integrity: sha512-oTXEIha4SsuXdTA4Iyskj0kpdx2yVXdhd75c2v3xGrHFfVMsbhTPZU/nMPL4sWKo4pBHm3aucLaqGlF696dTyQ==}
    engines: {node: ^22.20 || ^24.12 || >=25}
    cpu: [x64]
    os: [linux]
    libc: [glibc]

  '@playwright/test@1.61.1':
    resolution: {integrity: sha512-8nKv6+0RJSL9FE4jYOEGXnPeM/Hg12qZpmqzZjRh3qM0Y7c3z1mrOTfFLids72RDQYVh9WpLEfR5WdpNX4fkig==}
    engines: {node: '>=18'}
    hasBin: true

  '@rollup/rollup-android-arm-eabi@4.63.5':
    resolution: {integrity: sha512-J25QJU+B78T4FhhBsNpLJyVWOi31mwtpcMwywHmOKH65Q9IWGA81gPj+dnwlhU8wktVriYE+tFAaQgrnJRzAZg==}
    cpu: [arm]
    os: [android]

  '@rollup/rollup-android-arm64@4.63.5':
    resolution: {integrity: sha512-LDopB3zuZM5Ux9TT2luNEBJW/tYbGU2g1d+VpKk6I+gSKDb+/7sYE6M225gRQt4RbMX6MSwMsVR/phdjVUgRLg==}
    cpu: [arm64]
    os: [android]

  '@rollup/rollup-darwin-arm64@4.63.5':
    resolution: {integrity: sha512-wlJEERGfeuHeBavCL2qVnNacOK43NDoZM4sjkeRPymd04OAE9T1zBqDJgmZ+CIsPTYKwdzpUC8vmOw84dwY4Tg==}
    cpu: [arm64]
    os: [darwin]

  '@rollup/rollup-darwin-x64@4.63.5':
    resolution: {integrity: sha512-4nJJGg5jbo2wwPP4JP+LfEBA3bvP8rU9CLuhp7jWvq9sxEyhjQFTFdrqi+/dHEin/pd8jpT0vcehIpnZtmEdcQ==}
    cpu: [x64]
    os: [darwin]

  '@rollup/rollup-freebsd-arm64@4.63.5':
    resolution: {integrity: sha512-DrZbyCDF1hneuO6jRbvZ2D7+PIBM6yIwYnJpg2vIk58T+wuFpiaGZrfUr59lDWw45bg+IrpTGLPiNi/Fk4w3Cg==}
    cpu: [arm64]
    os: [freebsd]

  '@rollup/rollup-freebsd-x64@4.63.5':
    resolution: {integrity: sha512-gqfUVMJMB3mehqywxp6hTBFfgtMQykZY19+cfiaYP0toIJLb/1DZRJHVkQQGP13W4TAwfZDWeg1qBcheTRioXQ==}
    cpu: [x64]
    os: [freebsd]

  '@rollup/rollup-linux-arm-gnueabihf@4.63.5':
    resolution: {integrity: sha512-CFmhpvAwzSaWMlN3VN7UtmoTihlZNzoP0juQib5TQRnYUyDV8dXeWOp29sobWAT6gXl/hQgAClLlEiYozQG3OQ==}
    cpu: [arm]
    os: [linux]
    libc: [glibc]

  '@rollup/rollup-linux-arm-musleabihf@4.63.5':
    resolution: {integrity: sha512-Uc9H8eXCOayV6JLTH5bXKMId6qbhNHa818/BgYjm4jrlq3vZquC9cqyvHBw17xy5Mnj5f+I3gFK5JcEf3hSqrw==}
    cpu: [arm]
    os: [linux]
    libc: [musl]

  '@rollup/rollup-linux-arm64-gnu@4.63.5':
    resolution: {integrity: sha512-VcPr/szv/1BFw112Kt//fxulXt/JPqzzidU84iW68L2DdjnOO8QFUv2zTSYBEPHD6movBD4z+bbr5y60GYM7Jw==}
    cpu: [arm64]
    os: [linux]
    libc: [glibc]

  '@rollup/rollup-linux-arm64-musl@4.63.5':
    resolution: {integrity: sha512-BnxtJ5/91BrIHYIkGrmjz/lbMhqEHt1dPFqIxIFR+jPn0xVc/oUSCtIT089zfp5ufwGDlYz2UC+Fe1SRBpYFbQ==}
    cpu: [arm64]
    os: [linux]
    libc: [musl]

  '@rollup/rollup-linux-loong64-gnu@4.63.5':
    resolution: {integrity: sha512-LrYcHZwF+fAMNKHYTOQ5osWM4AZF7YF6D+XtsjDyEvljtt11twc+zHVXBLNEjxVSUnKYsOhvVz4Z213eW02COQ==}
    cpu: [loong64]
    os: [linux]
    libc: [glibc]

  '@rollup/rollup-linux-loong64-musl@4.63.5':
    resolution: {integrity: sha512-nj7QKQePAAUpCpJHtg0pR0W/b92A9NO17JS3BAQmHDn/yhmkir2p8llrKY9TOhleKIaSzy1JhxS3T9FVld6coA==}
    cpu: [loong64]
    os: [linux]
    libc: [musl]

  '@rollup/rollup-linux-ppc64-gnu@4.63.5':
    resolution: {integrity: sha512-5ylkX6dWMeBKge9nTU+Rxfb+ZfaCIJ9lRqIFaK0eAMcWp7OJbYnLveLgXmm0VrvuLKb8qIK+mHyH0qu88RM+iA==}
    cpu: [ppc64]
    os: [linux]
    libc: [glibc]

  '@rollup/rollup-linux-ppc64-musl@4.63.5':
    resolution: {integrity: sha512-oHK4ZHYFDKjZviK34I+NwgfbGxgI7ztrNxj2hPTSSNFgeq1a/lEd7dHV2fdGAuTH4Iym3RHJg+vAbWaWG4B7Zg==}
    cpu: [ppc64]
    os: [linux]
    libc: [musl]

  '@rollup/rollup-linux-riscv64-gnu@4.63.5':
    resolution: {integrity: sha512-UcetmHZ6XOXuUByiKZyQmb55ZPr0LABr3Ec/HB9wKZn6CEAFWZkE+hsJErJ9hbPBC7nI0dKuELx7CoV6IM7TMg==}
    cpu: [riscv64]
    os: [linux]
    libc: [glibc]

  '@rollup/rollup-linux-riscv64-musl@4.63.5':
    resolution: {integrity: sha512-C5CmDPQBtvjVo8cgQsBs+w6WB0JLkiixhgi6hVLV11hERWdn/p0XcPU2OUcZzac9BPOFq7SbaHFa8r3SWEysCQ==}
    cpu: [riscv64]
    os: [linux]
    libc: [musl]

  '@rollup/rollup-linux-s390x-gnu@4.63.5':
    resolution: {integrity: sha512-lHVQHJFKsuuxLMi3MQO9XVL8Tje3JR82CzB+QDKC5NWBcsIWuwsn9uIM5e3lBhI+fF1/s63qnyYqsg65+8rV/w==}
    cpu: [s390x]
    os: [linux]
    libc: [glibc]

  '@rollup/rollup-linux-x64-gnu@4.63.5':
    resolution: {integrity: sha512-3W9bTFcQNJn71cSJVM9RKIiZOy8DO/XLDii8Uv/Pm6WKqDRj7JV3ZfuXIEfyuy5LXpIzAbB/1M4Ukp9GKNa7nA==}
    cpu: [x64]
    os: [linux]
    libc: [glibc]

  '@rollup/rollup-linux-x64-musl@4.63.5':
    resolution: {integrity: sha512-VDC7rRJlee/scpki96GZ27Omf6yU87s1YXwVTpjE5841faVlDYYT565rgfmoR1U0sqL7z5ivQSDjcsF6VRXyBA==}
    cpu: [x64]
    os: [linux]
    libc: [musl]

  '@rollup/rollup-openbsd-x64@4.63.5':
    resolution: {integrity: sha512-z86Ok2p4pTdv5xqCKZsTooO7yBEiaJR/HzU3Wx8RmWsPoLppnMKROhJusQob8B3IE1ghC343kUW9rC2r+Wf3ig==}
    cpu: [x64]
    os: [openbsd]

  '@rollup/rollup-openharmony-arm64@4.63.5':
    resolution: {integrity: sha512-IzQmj+xXwQFGhMAMKMQVXkMwMZN3TqkJgAE0nSsqvVwWWciP4AIPMmWRqOQ2GfX7TUDZr+xqGFcBS36CRPGw0g==}
    cpu: [arm64]
    os: [openharmony]

  '@rollup/rollup-win32-arm64-msvc@4.63.5':
    resolution: {integrity: sha512-F6qpTaPc9bwBH85kjy0/BLmLSW1uv7AoOXCoRIkg2arlgCYlWYcAbiMkvZuAcaWk9TpCRG//okznLAqLGshkMw==}
    cpu: [arm64]
    os: [win32]

  '@rollup/rollup-win32-ia32-msvc@4.63.5':
    resolution: {integrity: sha512-igoDsTFhhwECBeGbUuLeIk7t8Y1apa+cs6mDWpx2EZ0ch7oEQgzHbFUXN9euoHekCAQzXdXApAGkV6jznS7tWw==}
    cpu: [ia32]
    os: [win32]

  '@rollup/rollup-win32-x64-gnu@4.63.5':
    resolution: {integrity: sha512-U3teMeMbXFmaM5D+OTJpsOXd+wV/qftIeYF9kBKL4v73641qyJmoXFtA28DQLsnmlyayEsTe72xpLHrArq6vHw==}
    cpu: [x64]
    os: [win32]

  '@rollup/rollup-win32-x64-msvc@4.63.5':
    resolution: {integrity: sha512-ypfC34F3RKXvCXBglGqGMsUSMKlgwd1HX9AOAlx9RoZZ6GaI42YHVeKpzg3JG+wpBUJYTG+NNZhqbDWL8tBZkw==}
    cpu: [x64]
    os: [win32]

  '@turbo/darwin-64@2.11.4':
    resolution: {integrity: sha512-fEmcQVa95k79tZjcay5b2A4cpR/VrlNUki4AN7EbA+32vj5C5rBUE1q3i2yOFxsB2n01sOlzIZ+s2p2zADCTig==}
    cpu: [x64]
    os: [darwin]

  '@turbo/darwin-arm64@2.11.4':
    resolution: {integrity: sha512-SgXCVgBC1v+bdE6+KQGV6Kob7nBYo75zxzNFFuA4jLdM0J8lYamdTUoZSHLR0dy+kXVEYZqSC98CKqC17NG3Og==}
    cpu: [arm64]
    os: [darwin]

  '@turbo/linux-64@2.11.4':
    resolution: {integrity: sha512-MWM7Au6NPJMBmHJAzFzQ/PACYNRpBOqnBkj+7csdR+YhJ+0XBg4Z64wFwLnGFDac0gc+YlasWOZ5t05bGs54aQ==}
    cpu: [x64]
    os: [android, linux]

  '@turbo/linux-arm64@2.11.4':
    resolution: {integrity: sha512-rRVOh0UNlLbKPuf70FokqjahO/hCGgBmgvZcNXUPayn8Wk0zXIsVoNKpr0UQUhhR+KMiibvBKkVAGDViDFQHKA==}
    cpu: [arm64]
    os: [android, linux]

  '@turbo/windows-64@2.11.4':
    resolution: {integrity: sha512-COr+++1GwDg09XbJdm3sP1gEQApeV43UknYP9h82qet1tAGJrGQAxKVTMrf2JMsMw8MkJRnQj3gAVuQmV1kIyQ==}
    cpu: [x64]
    os: [win32]

  '@turbo/windows-arm64@2.11.4':
    resolution: {integrity: sha512-gh5lwDA2d4aBdLvTANhFsFEgxbBqKZ4m4dCyChw9GoX8b+Esk8H3p25Q+rlWCUVJ2o6Hne10ZTL0QSFfWD4gIA==}
    cpu: [arm64]
    os: [win32]

  '@types/estree@1.0.9':
    resolution: {integrity: sha512-GhdPgy1el4/ImP05X05Uw4cw2/M93BCUmnEvWZNStlCzEKME4Fkk+YpoA5OiHNQmoS7Cafb8Xa3Pya8m1Qrzeg==}

  '@types/node@22.20.4':
    resolution: {integrity: sha512-zJRE40jpHtKqE/C4fgHrAKQLJuSpzEnP9ff9Y7YtoR3Wd2pwqzlekDeEuUQXjRd+QCYnVnNwuJYmhdk9XV8gvA==}

  '@types/webidl-conversions@7.0.3':
    resolution: {integrity: sha512-CiJJvcRtIgzadHCYXw7dqEnMNRjhGZlYK05Mj9OyktqV8uVT8fD2BFOB7S1uwBE3Kj2Z+4UyPmFw/Ixgw/LAlA==}

  '@types/whatwg-url@11.0.5':
    resolution: {integrity: sha512-coYR071JRaHa+xoEvvYqvnIHaVqaYrLPbsufM9BF63HkwI5Lgmy2QR8Q5K/lYDYo5AK82wOvSOS0UsLTpTG7uQ==}

  bson@6.10.4:
    resolution: {integrity: sha512-WIsKqkSC0ABoBJuT1LEX+2HEvNmNKKgnTAyd0fL8qzK4SH2i9NXg+t08YtdZp/V9IZ33cxe3iV4yM0qg8lMQng==}
    engines: {node: '>=16.20.1'}

  esbuild@0.28.2:
    resolution: {integrity: sha512-HKVLS8dvII+xoKW9kmqxbRKrnWEXfJJr/FZhhJmiqIB0e053QNYFqOBouTMO/k5sID4MvCiUCvv8b9M4h32wIA==}
    engines: {node: '>=18'}
    hasBin: true

  fdir@6.5.0:
    resolution: {integrity: sha512-tIbYtZbucOs0BRGqPJkshJUYdL+SDH7dVM8gjy+ERp3WAUjLEFJE+02kanyHtwjWOnwrKYBiwAmM0p4kLJAnXg==}
    engines: {node: '>=12.0.0'}
    peerDependencies:
      picomatch: ^3 || ^4
    peerDependenciesMeta:
      picomatch:
        optional: true

  fsevents@2.3.2:
    resolution: {integrity: sha512-xiqMQR4xAeHTuB9uWm+fFRcIOgKBMiOBP+eXiyT7jsgVCq1bkVygt00oASowB7EdtpOHaaPgKt812P9ab+DDKA==}
    engines: {node: ^8.16.0 || ^10.6.0 || >=11.0.0}
    os: [darwin]

  fsevents@2.3.3:
    resolution: {integrity: sha512-5xoDfX+fL7faATnagmWPpbFtwh/R77WmMMqqHGS65C3vvB0YHrgF+B1YmZ3441tMj5n63k0212XNoJwzlhffQw==}
    engines: {node: ^8.16.0 || ^10.6.0 || >=11.0.0}
    os: [darwin]

  memory-pager@1.5.0:
    resolution: {integrity: sha512-ZS4Bp4r/Zoeq6+NLJpP+0Zzm0pR8whtGPf1XExKLJBAczGMnSi3It14OiNCStjQjM6NU1okjQGSxgEZN8eBYKg==}

  mongodb-connection-string-url@3.0.2:
    resolution: {integrity: sha512-rMO7CGo/9BFwyZABcKAWL8UJwH/Kc2x0g72uhDWzG48URRax5TCIcJ7Rc3RZqffZzO/Gwff/jyKwCU9TN8gehA==}

  mongodb@6.21.0:
    resolution: {integrity: sha512-URyb/VXMjJ4da46OeSXg+puO39XH9DeQpWCslifrRn9JWugy0D+DvvBvkm2WxmHe61O/H19JM66p1z7RHVkZ6A==}
    engines: {node: '>=16.20.1'}
    peerDependencies:
      '@aws-sdk/credential-providers': ^3.188.0
      '@mongodb-js/zstd': ^1.1.0 || ^2.0.0
      gcp-metadata: ^5.2.0
      kerberos: ^2.0.1
      mongodb-client-encryption: '>=6.0.0 <7'
      snappy: ^7.3.2
      socks: ^2.7.1
    peerDependenciesMeta:
      '@aws-sdk/credential-providers':
        optional: true
      '@mongodb-js/zstd':
        optional: true
      gcp-metadata:
        optional: true
      kerberos:
        optional: true
      mongodb-client-encryption:
        optional: true
      snappy:
        optional: true
      socks:
        optional: true

  nanoid@3.3.19:
    resolution: {integrity: sha512-Y2tUNy4ouw6tq5oDSKeQYGOyhkUBhNOcGV/02KC+6kd9eDGqdZd++mjMiIDilrBYvjEnCYvVtsuHCuP+okSfug==}
    engines: {node: ^10 || ^12 || ^13.7 || ^14 || >=15.0.1}
    hasBin: true

  picocolors@1.1.1:
    resolution: {integrity: sha512-xceH2snhtb5M9liqDsmEw56le376mTZkEX/jEb/RxNFyegNul7eNslCXP9FDj/Lcu0X8KEyMceP2ntpaHrDEVA==}

  picomatch@4.0.7:
    resolution: {integrity: sha512-qcJu88Q2IWqJsDD529JKMdwGm/dvInW4HvQnRwiH9JtihJvzGOscDtHE3x1pBKeUOTysQ8kVmLnJ2kJu7yhcGA==}
    engines: {node: '>=12'}

  playwright-core@1.61.1:
    resolution: {integrity: sha512-h7Qlt6m4REp25qvIdvbDtVmD4LqVXfpRxhORv9L0jzETM05p4fuPJ3dKyuSXQxDSbXnmS79HAgi9589lGSpLkg==}
    engines: {node: '>=18'}
    hasBin: true

  playwright@1.61.1:
    resolution: {integrity: sha512-DWnY5o3YbLWK4GovuAVwpqL+1VwGNdUGrRr++8j8PtQQzvAVZUIMjKQ90fY689sEJZJBbZVw1rXaOKSTitkzPQ==}
    engines: {node: '>=18'}
    hasBin: true

  postcss@8.5.28:
    resolution: {integrity: sha512-RRuzqDtt5Y9h3quz5hWhK+TPnsmVs6WwSU6LkJMeY4HstUEDuYTG8UJSdawMRzmzAtV+KEoG8N3Qg2qLy5vM/A==}
    engines: {node: ^10 || ^12 || >=14}

  punycode@2.3.1:
    resolution: {integrity: sha512-vYt7UD1U9Wg6138shLtLOvdAu+8DsC/ilFtEVHcH+wydcSpNE20AfSOduf6MkRFahL5FY7X1oU7nKVZFtfq8Fg==}
    engines: {node: '>=6'}

  rollup@4.63.5:
    resolution: {integrity: sha512-KRWwmNLlPw5M7HcdYfm15oBv9n9LPtjzpzCIxS/phwqvPyxHSoKX6Y2YU3pxSPfy0CLquVgsx/j/hBi6OvH1Nw==}
    engines: {node: '>=18.0.0', npm: '>=8.0.0'}
    hasBin: true

  source-map-js@1.2.1:
    resolution: {integrity: sha512-UXWMKhLOwVKb728IUtQPXxfYU+usdybtUrK/8uGE8CQMvrhOpwvzDBwj0QhSL7MQc7vIsISBG8VQ8+IDQxpfQA==}
    engines: {node: '>=0.10.0'}

  sparse-bitfield@3.0.3:
    resolution: {integrity: sha512-kvzhi7vqKTfkh0PZU+2D2PIllw2ymqJKujUcyPMd9Y75Nv4nPbGJZXNhxsgdQab2BmlDct1YnfQCguEvHr7VsQ==}

  tinyglobby@0.2.17:
    resolution: {integrity: sha512-wXR/dYpcqKmfWpEdZjiKJOwCNFndD0DMnrW/cYjVGttEkBfVgcLFHoNrlj47mjOVic9yyNu65alsgF4NQyTa2g==}
    engines: {node: '>=12.0.0'}

  tr46@5.1.1:
    resolution: {integrity: sha512-hdF5ZgjTqgAntKkklYw0R03MG2x/bSzTtkxmIRw/sTNV8YXsCJ1tfLAX23lhxhHJlEf3CRCOCGGWw3vI3GaSPw==}
    engines: {node: '>=18'}

  turbo@2.11.4:
    resolution: {integrity: sha512-nedZtJ2hjWpU/JBFq7Aj1GQBxQ56si+kIUmNZBUX35O35TIuhSBR6/u3yHHmk81U+RBdBcVjvLQ3/iOFzMwKsA==}
    hasBin: true

  typescript@5.9.3:
    resolution: {integrity: sha512-jl1vZzPDinLr9eUt3J/t7V6FgNEw9QjvBPdysz9KfQDD41fQrC2Y4vKQdiaUpFT4bXlb1RHhLpp8wtm6M5TgSw==}
    engines: {node: '>=14.17'}
    hasBin: true

  undici-types@6.21.0:
    resolution: {integrity: sha512-iwDZqg0QAGrg9Rav5H4n0M64c3mkR59cJ6wQp+7C4nI0gsmExaedaYLNO44eT4AtBBwjbTiGPMlt2Md0T9H9JQ==}

  vite@7.3.6:
    resolution: {integrity: sha512-4XP60spRGjSZFf1qYH+dJIkK2znL3zQfl9KkOV9MkkRR/3Dls0dxaBsQPTloEc5BLXWPL9vsOxopxyKoMmDueg==}
    engines: {node: ^20.19.0 || >=22.12.0}
    hasBin: true
    peerDependencies:
      '@types/node': ^20.19.0 || >=22.12.0
      jiti: '>=1.21.0'
      less: ^4.0.0
      lightningcss: ^1.21.0
      sass: ^1.70.0
      sass-embedded: ^1.70.0
      stylus: '>=0.54.8'
      sugarss: ^5.0.0
      terser: ^5.16.0
      tsx: ^4.8.1
      yaml: ^2.4.2
    peerDependenciesMeta:
      '@types/node':
        optional: true
      jiti:
        optional: true
      less:
        optional: true
      lightningcss:
        optional: true
      sass:
        optional: true
      sass-embedded:
        optional: true
      stylus:
        optional: true
      sugarss:
        optional: true
      terser:
        optional: true
      tsx:
        optional: true
      yaml:
        optional: true

  webidl-conversions@7.0.0:
    resolution: {integrity: sha512-VwddBukDzu71offAQR975unBIGqfKZpM+8ZX6ySk8nYhVoo5CYaZyzt3YBvYtRtO+aoGlqxPg/B87NGVZ/fu6g==}
    engines: {node: '>=12'}

  whatwg-url@14.2.0:
    resolution: {integrity: sha512-De72GdQZzNTUBBChsXueQUnPKDkg/5A5zp7pFDuQAj5UFoENpiACU0wlCvzpAGnTkj++ihpKwKyYewn/XNUbKw==}
    engines: {node: '>=18'}

snapshots:

  '@esbuild/aix-ppc64@0.28.2':
    optional: true

  '@esbuild/android-arm64@0.28.2':
    optional: true

  '@esbuild/android-arm@0.28.2':
    optional: true

  '@esbuild/android-x64@0.28.2':
    optional: true

  '@esbuild/darwin-arm64@0.28.2':
    optional: true

  '@esbuild/darwin-x64@0.28.2':
    optional: true

  '@esbuild/freebsd-arm64@0.28.2':
    optional: true

  '@esbuild/freebsd-x64@0.28.2':
    optional: true

  '@esbuild/linux-arm64@0.28.2':
    optional: true

  '@esbuild/linux-arm@0.28.2':
    optional: true

  '@esbuild/linux-ia32@0.28.2':
    optional: true

  '@esbuild/linux-loong64@0.28.2':
    optional: true

  '@esbuild/linux-mips64el@0.28.2':
    optional: true

  '@esbuild/linux-ppc64@0.28.2':
    optional: true

  '@esbuild/linux-riscv64@0.28.2':
    optional: true

  '@esbuild/linux-s390x@0.28.2':
    optional: true

  '@esbuild/linux-x64@0.28.2':
    optional: true

  '@esbuild/netbsd-arm64@0.28.2':
    optional: true

  '@esbuild/netbsd-x64@0.28.2':
    optional: true

  '@esbuild/openbsd-arm64@0.28.2':
    optional: true

  '@esbuild/openbsd-x64@0.28.2':
    optional: true

  '@esbuild/openharmony-arm64@0.28.2':
    optional: true

  '@esbuild/sunos-x64@0.28.2':
    optional: true

  '@esbuild/win32-arm64@0.28.2':
    optional: true

  '@esbuild/win32-ia32@0.28.2':
    optional: true

  '@esbuild/win32-x64@0.28.2':
    optional: true

  '@mongodb-js/saslprep@1.5.4':
    dependencies:
      sparse-bitfield: 3.0.3

  '@napi-rs/lzma-linux-x64-gnu@1.5.1':
    optional: true

  '@playwright/test@1.61.1':
    dependencies:
      playwright: 1.61.1

  '@rollup/rollup-android-arm-eabi@4.63.5':
    optional: true

  '@rollup/rollup-android-arm64@4.63.5':
    optional: true

  '@rollup/rollup-darwin-arm64@4.63.5':
    optional: true

  '@rollup/rollup-darwin-x64@4.63.5':
    optional: true

  '@rollup/rollup-freebsd-arm64@4.63.5':
    optional: true

  '@rollup/rollup-freebsd-x64@4.63.5':
    optional: true

  '@rollup/rollup-linux-arm-gnueabihf@4.63.5':
    optional: true

  '@rollup/rollup-linux-arm-musleabihf@4.63.5':
    optional: true

  '@rollup/rollup-linux-arm64-gnu@4.63.5':
    optional: true

  '@rollup/rollup-linux-arm64-musl@4.63.5':
    optional: true

  '@rollup/rollup-linux-loong64-gnu@4.63.5':
    optional: true

  '@rollup/rollup-linux-loong64-musl@4.63.5':
    optional: true

  '@rollup/rollup-linux-ppc64-gnu@4.63.5':
    optional: true

  '@rollup/rollup-linux-ppc64-musl@4.63.5':
    optional: true

  '@rollup/rollup-linux-riscv64-gnu@4.63.5':
    optional: true

  '@rollup/rollup-linux-riscv64-musl@4.63.5':
    optional: true

  '@rollup/rollup-linux-s390x-gnu@4.63.5':
    optional: true

  '@rollup/rollup-linux-x64-gnu@4.63.5':
    optional: true

  '@rollup/rollup-linux-x64-musl@4.63.5':
    optional: true

  '@rollup/rollup-openbsd-x64@4.63.5':
    optional: true

  '@rollup/rollup-openharmony-arm64@4.63.5':
    optional: true

  '@rollup/rollup-win32-arm64-msvc@4.63.5':
    optional: true

  '@rollup/rollup-win32-ia32-msvc@4.63.5':
    optional: true

  '@rollup/rollup-win32-x64-gnu@4.63.5':
    optional: true

  '@rollup/rollup-win32-x64-msvc@4.63.5':
    optional: true

  '@turbo/darwin-64@2.11.4':
    optional: true

  '@turbo/darwin-arm64@2.11.4':
    optional: true

  '@turbo/linux-64@2.11.4':
    optional: true

  '@turbo/linux-arm64@2.11.4':
    optional: true

  '@turbo/windows-64@2.11.4':
    optional: true

  '@turbo/windows-arm64@2.11.4':
    optional: true

  '@types/estree@1.0.9': {}

  '@types/node@22.20.4':
    dependencies:
      undici-types: 6.21.0

  '@types/webidl-conversions@7.0.3': {}

  '@types/whatwg-url@11.0.5':
    dependencies:
      '@types/webidl-conversions': 7.0.3

  bson@6.10.4: {}

  esbuild@0.28.2:
    optionalDependencies:
      '@esbuild/aix-ppc64': 0.28.2
      '@esbuild/android-arm': 0.28.2
      '@esbuild/android-arm64': 0.28.2
      '@esbuild/android-x64': 0.28.2
      '@esbuild/darwin-arm64': 0.28.2
      '@esbuild/darwin-x64': 0.28.2
      '@esbuild/freebsd-arm64': 0.28.2
      '@esbuild/freebsd-x64': 0.28.2
      '@esbuild/linux-arm': 0.28.2
      '@esbuild/linux-arm64': 0.28.2
      '@esbuild/linux-ia32': 0.28.2
      '@esbuild/linux-loong64': 0.28.2
      '@esbuild/linux-mips64el': 0.28.2
      '@esbuild/linux-ppc64': 0.28.2
      '@esbuild/linux-riscv64': 0.28.2
      '@esbuild/linux-s390x': 0.28.2
      '@esbuild/linux-x64': 0.28.2
      '@esbuild/netbsd-arm64': 0.28.2
      '@esbuild/netbsd-x64': 0.28.2
      '@esbuild/openbsd-arm64': 0.28.2
      '@esbuild/openbsd-x64': 0.28.2
      '@esbuild/openharmony-arm64': 0.28.2
      '@esbuild/sunos-x64': 0.28.2
      '@esbuild/win32-arm64': 0.28.2
      '@esbuild/win32-ia32': 0.28.2
      '@esbuild/win32-x64': 0.28.2

  fdir@6.5.0(picomatch@4.0.7):
    optionalDependencies:
      picomatch: 4.0.7

  fsevents@2.3.2:
    optional: true

  fsevents@2.3.3:
    optional: true

  memory-pager@1.5.0: {}

  mongodb-connection-string-url@3.0.2:
    dependencies:
      '@types/whatwg-url': 11.0.5
      whatwg-url: 14.2.0

  mongodb@6.21.0:
    dependencies:
      '@mongodb-js/saslprep': 1.5.4
      bson: 6.10.4
      mongodb-connection-string-url: 3.0.2

  nanoid@3.3.19: {}

  picocolors@1.1.1: {}

  picomatch@4.0.7: {}

  playwright-core@1.61.1: {}

  playwright@1.61.1:
    dependencies:
      playwright-core: 1.61.1
    optionalDependencies:
      fsevents: 2.3.2

  postcss@8.5.28:
    dependencies:
      nanoid: 3.3.19
      picocolors: 1.1.1
      source-map-js: 1.2.1

  punycode@2.3.1: {}

  rollup@4.63.5:
    dependencies:
      '@types/estree': 1.0.9
    optionalDependencies:
      '@napi-rs/lzma-linux-x64-gnu': 1.5.1
      '@rollup/rollup-android-arm-eabi': 4.63.5
      '@rollup/rollup-android-arm64': 4.63.5
      '@rollup/rollup-darwin-arm64': 4.63.5
      '@rollup/rollup-darwin-x64': 4.63.5
      '@rollup/rollup-freebsd-arm64': 4.63.5
      '@rollup/rollup-freebsd-x64': 4.63.5
      '@rollup/rollup-linux-arm-gnueabihf': 4.63.5
      '@rollup/rollup-linux-arm-musleabihf': 4.63.5
      '@rollup/rollup-linux-arm64-gnu': 4.63.5
      '@rollup/rollup-linux-arm64-musl': 4.63.5
      '@rollup/rollup-linux-loong64-gnu': 4.63.5
      '@rollup/rollup-linux-loong64-musl': 4.63.5
      '@rollup/rollup-linux-ppc64-gnu': 4.63.5
      '@rollup/rollup-linux-ppc64-musl': 4.63.5
      '@rollup/rollup-linux-riscv64-gnu': 4.63.5
      '@rollup/rollup-linux-riscv64-musl': 4.63.5
      '@rollup/rollup-linux-s390x-gnu': 4.63.5
      '@rollup/rollup-linux-x64-gnu': 4.63.5
      '@rollup/rollup-linux-x64-musl': 4.63.5
      '@rollup/rollup-openbsd-x64': 4.63.5
      '@rollup/rollup-openharmony-arm64': 4.63.5
      '@rollup/rollup-win32-arm64-msvc': 4.63.5
      '@rollup/rollup-win32-ia32-msvc': 4.63.5
      '@rollup/rollup-win32-x64-gnu': 4.63.5
      '@rollup/rollup-win32-x64-msvc': 4.63.5
      fsevents: 2.3.3

  source-map-js@1.2.1: {}

  sparse-bitfield@3.0.3:
    dependencies:
      memory-pager: 1.5.0

  tinyglobby@0.2.17:
    dependencies:
      fdir: 6.5.0(picomatch@4.0.7)
      picomatch: 4.0.7

  tr46@5.1.1:
    dependencies:
      punycode: 2.3.1

  turbo@2.11.4:
    optionalDependencies:
      '@turbo/darwin-64': 2.11.4
      '@turbo/darwin-arm64': 2.11.4
      '@turbo/linux-64': 2.11.4
      '@turbo/linux-arm64': 2.11.4
      '@turbo/windows-64': 2.11.4
      '@turbo/windows-arm64': 2.11.4

  typescript@5.9.3: {}

  undici-types@6.21.0: {}

  vite@7.3.6(@types/node@22.20.4):
    dependencies:
      esbuild: 0.28.2
      fdir: 6.5.0(picomatch@4.0.7)
      picomatch: 4.0.7
      postcss: 8.5.28
      rollup: 4.63.5
      tinyglobby: 0.2.17
    optionalDependencies:
      '@types/node': 22.20.4
      fsevents: 2.3.3

  webidl-conversions@7.0.0: {}

  whatwg-url@14.2.0:
    dependencies:
      tr46: 5.1.1
      webidl-conversions: 7.0.0
